
Microsoft Visual Studio Solution File, Format Version 12.00
# Visual Studio 15
VisualStudioVersion = 15.0.26430.16
MinimumVisualStudioVersion = 10.0.40219.1
Project("{FAE04EC0-301F-11D3-BF4B-00C04F79EFBC}") = "FunctionalCoreImperativeShell", "FunctionalCoreImperativeShell\FunctionalCoreImperativeShell.csproj", "{3BE55450-80FD-4442-8FB6-7FB0840EA0B3}"
EndProject
Project("{FAE04EC0-301F-11D3-BF4B-00C04F79EFBC}") = "FunctionalCoreImperativeShell.Tests", "FunctionalCoreImperativeShell.Tests\FunctionalCoreImperativeShell.Tests.csproj", "{FAD727A8-9916-4D24-BBF2-9CE72639FBAF}"
EndProject
Global
	GlobalSection(SolutionConfigurationPlatforms) = preSolution
		Debug|Any CPU = Debug|Any CPU
		Release|Any CPU = Release|Any CPU
	EndGlobalSection
	GlobalSection(ProjectConfigurationPlatforms) = postSolution
		{3BE55450-80FD-4442-8FB6-7FB0840EA0B3}.Debug|Any CPU.ActiveCfg = Debug|Any CPU
		{3BE55450-80FD-4442-8FB6-7FB0840EA0B3}.Debug|Any CPU.Build.0 = Debug|Any CPU
		{3BE55450-80FD-4442-8FB6-7FB0840EA0B3}.Release|Any CPU.ActiveCfg = Release|Any CPU
		{3BE55450-80FD-4442-8FB6-7FB0840EA0B3}.Release|Any CPU.Build.0 = Release|Any CPU
		{FAD727A8-9916-4D24-BBF2-9CE72639FBAF}.Debug|Any CPU.ActiveCfg = Debug|Any CPU
		{FAD727A8-9916-4D24-BBF2-9CE72639FBAF}.Debug|Any CPU.Build.0 = Debug|Any CPU
		{FAD727A8-9916-4D24-BBF2-9CE72639FBAF}.Release|Any CPU.ActiveCfg = Release|Any CPU
		{FAD727A8-9916-4D24-BBF2-9CE72639FBAF}.Release|Any CPU.Build.0 = Release|Any CPU
	EndGlobalSection
	GlobalSection(SolutionProperties) = preSolution
		HideSolutionNode = FALSE
	EndGlobalSection
EndGlobal
